
Microsoft Visual Studio Solution File, Format Version 12.00
# Visual Studio Version 17
VisualStudioVersion = 17.3.32901.215
MinimumVisualStudioVersion = 10.0.40219.1
Project("{FAE04EC0-301F-11D3-BF4B-00C04F79EFBC}") = "öğrenciişlem", "öğrenciişlem\öğrenciişlem.csproj", "{DBDB3DF6-B454-4AF7-9D51-238F21D1FBCE}"
EndProject
Global
	GlobalSection(SolutionConfigurationPlatforms) = preSolution
		Debug|Any CPU = Debug|Any CPU
		Release|Any CPU = Release|Any CPU
	EndGlobalSection
	GlobalSection(ProjectConfigurationPlatforms) = postSolution
		{DBDB3DF6-B454-4AF7-9D51-238F21D1FBCE}.Debug|Any CPU.ActiveCfg = Debug|Any CPU
		{DBDB3DF6-B454-4AF7-9D51-238F21D1FBCE}.Debug|Any CPU.Build.0 = Debug|Any CPU
		{DBDB3DF6-B454-4AF7-9D51-238F21D1FBCE}.Release|Any CPU.ActiveCfg = Release|Any CPU
		{DBDB3DF6-B454-4AF7-9D51-238F21D1FBCE}.Release|Any CPU.Build.0 = Release|Any CPU
	EndGlobalSection
	GlobalSection(SolutionProperties) = preSolution
		HideSolutionNode = FALSE
	EndGlobalSection
	GlobalSection(ExtensibilityGlobals) = postSolution
		SolutionGuid = {8DBBC7A5-27B3-4A15-854D-523F48FAEE1D}
	EndGlobalSection
EndGlobal
